{
    "name": "san-tap",
    "version": "1.0.0",
    "lockfileVersion": 1,
    "requires": true,
    "dependencies": {
        "san": {
            "version": "3.5.9",
            "resolved": "http://172.16.8.152:7001/san/download/san-3.5.9.tgz",
            "integrity": "sha1-gGPTSPfB3zWKqcBe830Si7UXbZ0="
        }
    }
}
